
Microsoft Visual Studio Solution File, Format Version 12.00
# Visual Studio Version 17
VisualStudioVersion = 17.9.34607.119
MinimumVisualStudioVersion = 10.0.40219.1
Project("{FAE04EC0-301F-11D3-BF4B-00C04F79EFBC}") = "Domain", "Domain\Domain.csproj", "{062813B3-D083-405C-9072-21068C367457}"
EndProject
Project("{FAE04EC0-301F-11D3-BF4B-00C04F79EFBC}") = "Aplication", "Aplication\Aplication.csproj", "{AA64A5BC-5C43-40D0-86CF-D507C83306CB}"
EndProject
Project("{FAE04EC0-301F-11D3-BF4B-00C04F79EFBC}") = "Infraestructure.Data", "Infraestructure.Data\Infraestructure.Data.csproj", "{0089DF9A-494D-4762-9900-064EDD6B4B43}"
EndProject
Project("{FAE04EC0-301F-11D3-BF4B-00C04F79EFBC}") = "Infraestructure.Api", "Infraestructure.Api\Infraestructure.Api.csproj", "{5D549604-FC41-4485-9841-53FDD66344FC}"
EndProject
Project("{FAE04EC0-301F-11D3-BF4B-00C04F79EFBC}") = "Test", "Test\Test.csproj", "{4D0009A0-AC8E-4385-8376-8D166025AE17}"
EndProject
Global
	GlobalSection(SolutionConfigurationPlatforms) = preSolution
		Debug|Any CPU = Debug|Any CPU
		Release|Any CPU = Release|Any CPU
	EndGlobalSection
	GlobalSection(ProjectConfigurationPlatforms) = postSolution
		{062813B3-D083-405C-9072-21068C367457}.Debug|Any CPU.ActiveCfg = Debug|Any CPU
		{062813B3-D083-405C-9072-21068C367457}.Debug|Any CPU.Build.0 = Debug|Any CPU
		{062813B3-D083-405C-9072-21068C367457}.Release|Any CPU.ActiveCfg = Release|Any CPU
		{062813B3-D083-405C-9072-21068C367457}.Release|Any CPU.Build.0 = Release|Any CPU
		{AA64A5BC-5C43-40D0-86CF-D507C83306CB}.Debug|Any CPU.ActiveCfg = Debug|Any CPU
		{AA64A5BC-5C43-40D0-86CF-D507C83306CB}.Debug|Any CPU.Build.0 = Debug|Any CPU
		{AA64A5BC-5C43-40D0-86CF-D507C83306CB}.Release|Any CPU.ActiveCfg = Release|Any CPU
		{AA64A5BC-5C43-40D0-86CF-D507C83306CB}.Release|Any CPU.Build.0 = Release|Any CPU
		{0089DF9A-494D-4762-9900-064EDD6B4B43}.Debug|Any CPU.ActiveCfg = Debug|Any CPU
		{0089DF9A-494D-4762-9900-064EDD6B4B43}.Debug|Any CPU.Build.0 = Debug|Any CPU
		{0089DF9A-494D-4762-9900-064EDD6B4B43}.Release|Any CPU.ActiveCfg = Release|Any CPU
		{0089DF9A-494D-4762-9900-064EDD6B4B43}.Release|Any CPU.Build.0 = Release|Any CPU
		{5D549604-FC41-4485-9841-53FDD66344FC}.Debug|Any CPU.ActiveCfg = Debug|Any CPU
		{5D549604-FC41-4485-9841-53FDD66344FC}.Debug|Any CPU.Build.0 = Debug|Any CPU
		{5D549604-FC41-4485-9841-53FDD66344FC}.Release|Any CPU.ActiveCfg = Release|Any CPU
		{5D549604-FC41-4485-9841-53FDD66344FC}.Release|Any CPU.Build.0 = Release|Any CPU
		{4D0009A0-AC8E-4385-8376-8D166025AE17}.Debug|Any CPU.ActiveCfg = Debug|Any CPU
		{4D0009A0-AC8E-4385-8376-8D166025AE17}.Debug|Any CPU.Build.0 = Debug|Any CPU
		{4D0009A0-AC8E-4385-8376-8D166025AE17}.Release|Any CPU.ActiveCfg = Release|Any CPU
		{4D0009A0-AC8E-4385-8376-8D166025AE17}.Release|Any CPU.Build.0 = Release|Any CPU
	EndGlobalSection
	GlobalSection(SolutionProperties) = preSolution
		HideSolutionNode = FALSE
	EndGlobalSection
	GlobalSection(ExtensibilityGlobals) = postSolution
		SolutionGuid = {B9B0EC53-BB10-4183-BE7E-FCC685E7F0C2}
	EndGlobalSection
EndGlobal
